
Microsoft Visual Studio Solution File, Format Version 12.00
# Visual Studio Version 17
VisualStudioVersion = 17.9.34723.18
MinimumVisualStudioVersion = 10.0.40219.1
Project("{FAE04EC0-301F-11D3-BF4B-00C04F79EFBC}") = "DsK.WebAPIMixedTokenAndAPIKey", "DsK.WebAPIMixedTokenAndAPIKey\DsK.WebAPIMixedTokenAndAPIKey.csproj", "{76E620DF-DC7E-4F41-B9B9-9101DA2DAF9F}"
EndProject
Global
	GlobalSection(SolutionConfigurationPlatforms) = preSolution
		Debug|Any CPU = Debug|Any CPU
		Release|Any CPU = Release|Any CPU
	EndGlobalSection
	GlobalSection(ProjectConfigurationPlatforms) = postSolution
		{76E620DF-DC7E-4F41-B9B9-9101DA2DAF9F}.Debug|Any CPU.ActiveCfg = Debug|Any CPU
		{76E620DF-DC7E-4F41-B9B9-9101DA2DAF9F}.Debug|Any CPU.Build.0 = Debug|Any CPU
		{76E620DF-DC7E-4F41-B9B9-9101DA2DAF9F}.Release|Any CPU.ActiveCfg = Release|Any CPU
		{76E620DF-DC7E-4F41-B9B9-9101DA2DAF9F}.Release|Any CPU.Build.0 = Release|Any CPU
	EndGlobalSection
	GlobalSection(SolutionProperties) = preSolution
		HideSolutionNode = FALSE
	EndGlobalSection
	GlobalSection(ExtensibilityGlobals) = postSolution
		SolutionGuid = {ECC9A25E-A429-49D5-9004-4DC709CC53AD}
	EndGlobalSection
EndGlobal
